// !$*UTF8*$!
{
	archiveVersion = 1;
	classes = {
	};
	objectVersion = 46;
	objects = {

/* Begin PBXBuildFile section */
		226D1FFE1A0B6669000802FB /* AppDelegate.m in Sources */ = {isa = PBXBuildFile; fileRef = 226D1FFD1A0B6669000802FB /* AppDelegate.m */; };
		226D20001A0B6669000802FB /* main.m in Sources */ = {isa = PBXBuildFile; fileRef = 226D1FFF1A0B6669000802FB /* main.m */; };
		226D20021A0B6669000802FB /* Images.xcassets in Resources */ = {isa = PBXBuildFile; fileRef = 226D20011A0B6669000802FB /* Images.xcassets */; };
		226D20051A0B6669000802FB /* MainMenu.xib in Resources */ = {isa = PBXBuildFile; fileRef = 226D20031A0B6669000802FB /* MainMenu.xib */; };
		226D20111A0B6669000802FB /* XrecoveryTests.m in Sources */ = {isa = PBXBuildFile; fileRef = 226D20101A0B6669000802FB /* XrecoveryTests.m */; };
/* End PBXBuildFile section */

/* Begin PBXContainerItemProxy section */
		226D200B1A0B6669000802FB /* PBXContainerItemProxy */ = {
			isa = PBXContainerItemProxy;
			containerPortal = 226D1FEF1A0B6669000802FB /* Project object */;
			proxyType = 1;
			remoteGlobalIDString = 226D1FF61A0B6669000802FB;
			remoteInfo = Xrecovery;
		};
/* End PBXContainerItemProxy section */

/* Begin PBXFileReference section */
		226D1FF71A0B6669000802FB /* Xrecovery.app */ = {isa = PBXFileReference; explicitFileType = wrapper.application; includeInIndex = 0; path = Xrecovery.app; sourceTree = BUILT_PRODUCTS_DIR; };
		226D1FFB1A0B6669000802FB /* Info.plist */ = {isa = PBXFileReference; lastKnownFileType = text.plist.xml; path = Info.plist; sourceTree = "<group>"; };
		226D1FFC1A0B6669000802FB /* AppDelegate.h */ = {isa = PBXFileReference; lastKnownFileType = sourcecode.c.h; path = AppDelegate.h; sourceTree = "<group>"; };
		226D1FFD1A0B6669000802FB /* AppDelegate.m */ = {isa = PBXFileReference; lastKnownFileType = sourcecode.c.objc; path = AppDelegate.m; sourceTree = "<group>"; };
		226D1FFF1A0B6669000802FB /* main.m */ = {isa = PBXFileReference; lastKnownFileType = sourcecode.c.objc; path = main.m; sourceTree = "<group>"; };
		226D20011A0B6669000802FB /* Images.xcassets */ = {isa = PBXFileReference; lastKnownFileType = folder.assetcatalog; path = Images.xcassets; sourceTree = "<group>"; };
		226D20041A0B6669000802FB /* Base */ = {isa = PBXFileReference; lastKnownFileType = file.xib; name = Base; path = Base.lproj/MainMenu.xib; sourceTree = "<group>"; };
		226D200A1A0B6669000802FB /* XrecoveryTests.xctest */ = {isa = PBXFileReference; explicitFileType = wrapper.cfbundle; includeInIndex = 0; path = XrecoveryTests.xctest; sourceTree = BUILT_PRODUCTS_DIR; };
		226D200F1A0B6669000802FB /* Info.plist */ = {isa = PBXFileReference; lastKnownFileType = text.plist.xml; path = Info.plist; sourceTree = "<group>"; };
		226D20101A0B6669000802FB /* XrecoveryTests.m */ = {isa = PBXFileReference; lastKnownFileType = sourcecode.c.objc; path = XrecoveryTests.m; sourceTree = "<group>"; };
/* End PBXFileReference section */

/* Begin PBXFrameworksBuildPhase section */
		226D1FF41A0B6669000802FB /* Frameworks */ = {
			isa = PBXFrameworksBuildPhase;
			buildActionMask = 2147483647;
			files = (
			);
			runOnlyForDeploymentPostprocessing = 0;
		};
		226D20071A0B6669000802FB /* Frameworks */ = {
			isa = PBXFrameworksBuildPhase;
			buildActionMask = 2147483647;
			files = (
			);
			runOnlyForDeploymentPostprocessing = 0;
		};
/* End PBXFrameworksBuildPhase section */

/* Begin PBXGroup section */
		226D1FEE1A0B6669000802FB = {
			isa = PBXGroup;
			children = (
				226D1FF91A0B6669000802FB /* Xrecovery */,
				226D200D1A0B6669000802FB /* XrecoveryTests */,
				226D1FF81A0B6669000802FB /* Products */,
			);
			sourceTree = "<group>";
		};
		226D1FF81A0B6669000802FB /* Products */ = {
			isa = PBXGroup;
			children = (
				226D1FF71A0B6669000802FB /* Xrecovery.app */,
				226D200A1A0B6669000802FB /* XrecoveryTests.xctest */,
			);
			name = Products;
			sourceTree = "<group>";
		};
		226D1FF91A0B6669000802FB /* Xrecovery */ = {
			isa = PBXGroup;
			children = (
				226D1FFC1A0B6669000802FB /* AppDelegate.h */,
				226D1FFD1A0B6669000802FB /* AppDelegate.m */,
				226D20011A0B6669000802FB /* Images.xcassets */,
				226D20031A0B6669000802FB /* MainMenu.xib */,
				226D1FFA1A0B6669000802FB /* Supporting Files */,
			);
			path = Xrecovery;
			sourceTree = "<group>";
		};
		226D1FFA1A0B6669000802FB /* Supporting Files */ = {
			isa = PBXGroup;
			children = (
				226D1FFB1A0B6669000802FB /* Info.plist */,
				226D1FFF1A0B6669000802FB /* main.m */,
			);
			name = "Supporting Files";
			sourceTree = "<group>";
		};
		226D200D1A0B6669000802FB /* XrecoveryTests */ = {
			isa = PBXGroup;
			children = (
				226D20101A0B6669000802FB /* XrecoveryTests.m */,
				226D200E1A0B6669000802FB /* Supporting Files */,
			);
			path = XrecoveryTests;
			sourceTree = "<group>";
		};
		226D200E1A0B6669000802FB /* Supporting Files */ = {
			isa = PBXGroup;
			children = (
				226D200F1A0B6669000802FB /* Info.plist */,
			);
			name = "Supporting Files";
			sourceTree = "<group>";
		};
/* End PBXGroup section */

/* Begin PBXNativeTarget section */
		226D1FF61A0B6669000802FB /* Xrecovery */ = {
			isa = PBXNativeTarget;
			buildConfigurationList = 226D20141A0B6669000802FB /* Build configuration list for PBXNativeTarget "Xrecovery" */;
			buildPhases = (
				226D1FF31A0B6669000802FB /* Sources */,
				226D1FF41A0B6669000802FB /* Frameworks */,
				226D1FF51A0B6669000802FB /* Resources */,
			);
			buildRules = (
			);
			dependencies = (
			);
			name = Xrecovery;
			productName = Xrecovery;
			productReference = 226D1FF71A0B6669000802FB /* Xrecovery.app */;
			productType = "com.apple.product-type.application";
		};
		226D20091A0B6669000802FB /* XrecoveryTests */ = {
			isa = PBXNativeTarget;
			buildConfigurationList = 226D20171A0B6669000802FB /* Build configuration list for PBXNativeTarget "XrecoveryTests" */;
			buildPhases = (
				226D20061A0B6669000802FB /* Sources */,
				226D20071A0B6669000802FB /* Frameworks */,
				226D20081A0B6669000802FB /* Resources */,
			);
			buildRules = (
			);
			dependencies = (
				226D200C1A0B6669000802FB /* PBXTargetDependency */,
			);
			name = XrecoveryTests;
			productName = XrecoveryTests;
			productReference = 226D200A1A0B6669000802FB /* XrecoveryTests.xctest */;
			productType = "com.apple.product-type.bundle.unit-test";
		};
/* End PBXNativeTarget section */

/* Begin PBXProject section */
		226D1FEF1A0B6669000802FB /* Project object */ = {
			isa = PBXProject;
			attributes = {
				LastUpgradeCheck = 0610;
				ORGANIZATIONNAME = "Sam Rothenberg";
				TargetAttributes = {
					226D1FF61A0B6669000802FB = {
						CreatedOnToolsVersion = 6.1;
					};
					226D20091A0B6669000802FB = {
						CreatedOnToolsVersion = 6.1;
						TestTargetID = 226D1FF61A0B6669000802FB;
					};
				};
			};
			buildConfigurationList = 226D1FF21A0B6669000802FB /* Build configuration list for PBXProject "Xrecovery" */;
			compatibilityVersion = "Xcode 3.2";
			developmentRegion = English;
			hasScannedForEncodings = 0;
			knownRegions = (
				en,
				Base,
			);
			mainGroup = 226D1FEE1A0B6669000802FB;
			productRefGroup = 226D1FF81A0B6669000802FB /* Products */;
			projectDirPath = "";
			projectRoot = "";
			targets = (
				226D1FF61A0B6669000802FB /* Xrecovery */,
				226D20091A0B6669000802FB /* XrecoveryTests */,
			);
		};
/* End PBXProject section */

/* Begin PBXResourcesBuildPhase section */
		226D1FF51A0B6669000802FB /* Resources */ = {
			isa = PBXResourcesBuildPhase;
			buildActionMask = 2147483647;
			files = (
				226D20021A0B6669000802FB /* Images.xcassets in Resources */,
				226D20051A0B6669000802FB /* MainMenu.xib in Resources */,
			);
			runOnlyForDeploymentPostprocessing = 0;
		};
		226D20081A0B6669000802FB /* Resources */ = {
			isa = PBXResourcesBuildPhase;
			buildActionMask = 2147483647;
			files = (
			);
			runOnlyForDeploymentPostprocessing = 0;
		};
/* End PBXResourcesBuildPhase section */

/* Begin PBXSourcesBuildPhase section */
		226D1FF31A0B6669000802FB /* Sources */ = {
			isa = PBXSourcesBuildPhase;
			buildActionMask = 2147483647;
			files = (
				226D20001A0B6669000802FB /* main.m in Sources */,
				226D1FFE1A0B6669000802FB /* AppDelegate.m in Sources */,
			);
			runOnlyForDeploymentPostprocessing = 0;
		};
		226D20061A0B6669000802FB /* Sources */ = {
			isa = PBXSourcesBuildPhase;
			buildActionMask = 2147483647;
			files = (
				226D20111A0B6669000802FB /* XrecoveryTests.m in Sources */,
			);
			runOnlyForDeploymentPostprocessing = 0;
		};
/* End PBXSourcesBuildPhase section */

/* Begin PBXTargetDependency section */
		226D200C1A0B6669000802FB /* PBXTargetDependency */ = {
			isa = PBXTargetDependency;
			target = 226D1FF61A0B6669000802FB /* Xrecovery */;
			targetProxy = 226D200B1A0B6669000802FB /* PBXContainerItemProxy */;
		};
/* End PBXTargetDependency section */

/* Begin PBXVariantGroup section */
		226D20031A0B6669000802FB /* MainMenu.xib */ = {
			isa = PBXVariantGroup;
			children = (
				226D20041A0B6669000802FB /* Base */,
			);
			name = MainMenu.xib;
			sourceTree = "<group>";
		};
/* End PBXVariantGroup section */

/* Begin XCBuildConfiguration section */
		226D20121A0B6669000802FB /* Debug */ = {
			isa = XCBuildConfiguration;
			buildSettings = {
				ALWAYS_SEARCH_USER_PATHS = NO;
				CLANG_CXX_LANGUAGE_STANDARD = "gnu++0x";
				CLANG_CXX_LIBRARY = "libc++";
				CLANG_ENABLE_MODULES = YES;
				CLANG_ENABLE_OBJC_ARC = YES;
				CLANG_WARN_BOOL_CONVERSION = YES;
				CLANG_WARN_CONSTANT_CONVERSION = YES;
				CLANG_WARN_DIRECT_OBJC_ISA_USAGE = YES_ERROR;
				CLANG_WARN_EMPTY_BODY = YES;
				CLANG_WARN_ENUM_CONVERSION = YES;
				CLANG_WARN_INT_CONVERSION = YES;
				CLANG_WARN_OBJC_ROOT_CLASS = YES_ERROR;
				CLANG_WARN_UNREACHABLE_CODE = YES;
				CLANG_WARN__DUPLICATE_METHOD_MATCH = YES;
				CODE_SIGN_IDENTITY = "-";
				COPY_PHASE_STRIP = NO;
				ENABLE_STRICT_OBJC_MSGSEND = YES;
				GCC_C_LANGUAGE_STANDARD = gnu99;
				GCC_DYNAMIC_NO_PIC = NO;
				GCC_OPTIMIZATION_LEVEL = 0;
				GCC_PREPROCESSOR_DEFINITIONS = (
					"DEBUG=1",
					"$(inherited)",
				);
				GCC_SYMBOLS_PRIVATE_EXTERN = NO;
				GCC_WARN_64_TO_32_BIT_CONVERSION = YES;
				GCC_WARN_ABOUT_RETURN_TYPE = YES_ERROR;
				GCC_WARN_UNDECLARED_SELECTOR = YES;
				GCC_WARN_UNINITIALIZED_AUTOS = YES_AGGRESSIVE;
				GCC_WARN_UNUSED_FUNCTION = YES;
				GCC_WARN_UNUSED_VARIABLE = YES;
				MACOSX_DEPLOYMENT_TARGET = 10.10;
				MTL_ENABLE_DEBUG_INFO = YES;
				ONLY_ACTIVE_ARCH = YES;
				SDKROOT = macosx;
			};
			name = Debug;
		};
		226D20131A0B6669000802FB /* Release */ = {
			isa = XCBuildConfiguration;
			buildSettings = {
				ALWAYS_SEARCH_USER_PATHS = NO;
				CLANG_CXX_LANGUAGE_STANDARD = "gnu++0x";
				CLANG_CXX_LIBRARY = "libc++";
				CLANG_ENABLE_MODULES = YES;
				CLANG_ENABLE_OBJC_ARC = YES;
				CLANG_WARN_BOOL_CONVERSION = YES;
				CLANG_WARN_CONSTANT_CONVERSION = YES;
				CLANG_WARN_DIRECT_OBJC_ISA_USAGE = YES_ERROR;
				CLANG_WARN_EMPTY_BODY = YES;
				CLANG_WARN_ENUM_CONVERSION = YES;
				CLANG_WARN_INT_CONVERSION = YES;
				CLANG_WARN_OBJC_ROOT_CLASS = YES_ERROR;
				CLANG_WARN_UNREACHABLE_CODE = YES;
				CLANG_WARN__DUPLICATE_METHOD_MATCH = YES;
				CODE_SIGN_IDENTITY = "-";
				COPY_PHASE_STRIP = YES;
				DEBUG_INFORMATION_FORMAT = "dwarf-with-dsym";
				ENABLE_NS_ASSERTIONS = NO;
				ENABLE_STRICT_OBJC_MSGSEND = YES;
				GCC_C_LANGUAGE_STANDARD = gnu99;
				GCC_WARN_64_TO_32_BIT_CONVERSION = YES;
				GCC_WARN_ABOUT_RETURN_TYPE = YES_ERROR;
				GCC_WARN_UNDECLARED_SELECTOR = YES;
				GCC_WARN_UNINITIALIZED_AUTOS = YES_AGGRESSIVE;
				GCC_WARN_UNUSED_FUNCTION = YES;
				GCC_WARN_UNUSED_VARIABLE = YES;
				MACOSX_DEPLOYMENT_TARGET = 10.10;
				MTL_ENABLE_DEBUG_INFO = NO;
				SDKROOT = macosx;
			};
			name = Release;
		};
		226D20151A0B6669000802FB /* Debug */ = {
			isa = XCBuildConfiguration;
			buildSettings = {
				ASSETCATALOG_COMPILER_APPICON_NAME = AppIcon;
				COMBINE_HIDPI_IMAGES = YES;
				INFOPLIST_FILE = Xrecovery/Info.plist;
				LD_RUNPATH_SEARCH_PATHS = "$(inherited) @executable_path/../Frameworks";
				PRODUCT_NAME = "$(TARGET_NAME)";
			};
			name = Debug;
		};
		226D20161A0B6669000802FB /* Release */ = {
			isa = XCBuildConfiguration;
			buildSettings = {
				ASSETCATALOG_COMPILER_APPICON_NAME = AppIcon;
				COMBINE_HIDPI_IMAGES = YES;
				INFOPLIST_FILE = Xrecovery/Info.plist;
				LD_RUNPATH_SEARCH_PATHS = "$(inherited) @executable_path/../Frameworks";
				PRODUCT_NAME = "$(TARGET_NAME)";
			};
			name = Release;
		};
		226D20181A0B6669000802FB /* Debug */ = {
			isa = XCBuildConfiguration;
			buildSettings = {
				BUNDLE_LOADER = "$(TEST_HOST)";
				COMBINE_HIDPI_IMAGES = YES;
				FRAMEWORK_SEARCH_PATHS = (
					"$(DEVELOPER_FRAMEWORKS_DIR)",
					"$(inherited)",
				);
				GCC_PREPROCESSOR_DEFINITIONS = (
					"DEBUG=1",
					"$(inherited)",
				);
				INFOPLIST_FILE = XrecoveryTests/Info.plist;
				LD_RUNPATH_SEARCH_PATHS = "$(inherited) @executable_path/../Frameworks @loader_path/../Frameworks";
				PRODUCT_NAME = "$(TARGET_NAME)";
				TEST_HOST = "$(BUILT_PRODUCTS_DIR)/Xrecovery.app/Contents/MacOS/Xrecovery";
			};
			name = Debug;
		};
		226D20191A0B6669000802FB /* Release */ = {
			isa = XCBuildConfiguration;
			buildSettings = {
				BUNDLE_LOADER = "$(TEST_HOST)";
				COMBINE_HIDPI_IMAGES = YES;
				FRAMEWORK_SEARCH_PATHS = (
					"$(DEVELOPER_FRAMEWORKS_DIR)",
					"$(inherited)",
				);
				INFOPLIST_FILE = XrecoveryTests/Info.plist;
				LD_RUNPATH_SEARCH_PATHS = "$(inherited) @executable_path/../Frameworks @loader_path/../Frameworks";
				PRODUCT_NAME = "$(TARGET_NAME)";
				TEST_HOST = "$(BUILT_PRODUCTS_DIR)/Xrecovery.app/Contents/MacOS/Xrecovery";
			};
			name = Release;
		};
/* End XCBuildConfiguration section */

/* Begin XCConfigurationList section */
		226D1FF21A0B6669000802FB /* Build configuration list for PBXProject "Xrecovery" */ = {
			isa = XCConfigurationList;
			buildConfigurations = (
				226D20121A0B6669000802FB /* Debug */,
				226D20131A0B6669000802FB /* Release */,
			);
			defaultConfigurationIsVisible = 0;
			defaultConfigurationName = Release;
		};
		226D20141A0B6669000802FB /* Build configuration list for PBXNativeTarget "Xrecovery" */ = {
			isa = XCConfigurationList;
			buildConfigurations = (
				226D20151A0B6669000802FB /* Debug */,
				226D20161A0B6669000802FB /* Release */,
			);
			defaultConfigurationIsVisible = 0;
		};
		226D20171A0B6669000802FB /* Build configuration list for PBXNativeTarget "XrecoveryTests" */ = {
			isa = XCConfigurationList;
			buildConfigurations = (
				226D20181A0B6669000802FB /* Debug */,
				226D20191A0B6669000802FB /* Release */,
			);
			defaultConfigurationIsVisible = 0;
		};
/* End XCConfigurationList section */
	};
	rootObject = 226D1FEF1A0B6669000802FB /* Project object */;
}
